{
  "name": "MDtest",
  "lockfileVersion": 3,
  "requires": true,
  "packages": {
    "": {
      "devDependencies": {
        "@types/lodash": "^4.17.9"
      }
    },
    "node_modules/@types/lodash": {
      "version": "4.17.9",
      "resolved": "https://registry.npmjs.org/@types/lodash/-/lodash-4.17.9.tgz",
      "integrity": "sha512-w9iWudx1XWOHW5lQRS9iKpK/XuRhnN+0T7HvdCCd802FYkT1AMTnxndJHGrNJwRoRHkslGr4S29tjm1cT7x/7w==",
      "dev": true
    }
  }
}
